
Microsoft Visual Studio Solution File, Format Version 12.00
# Visual Studio Version 16
VisualStudioVersion = 16.0.31829.152
MinimumVisualStudioVersion = 10.0.40219.1
Project("{9A19103F-16F7-4668-BE54-9A1E7A4F7556}") = "MTFramework.Entities", "MTFramework.Entities\MTFramework.Entities.csproj", "{7738293F-40EE-4C11-AC98-4D7CD75AC061}"
EndProject
Project("{9A19103F-16F7-4668-BE54-9A1E7A4F7556}") = "MTFramework.DataAccess", "MTFramework.DataAccess\MTFramework.DataAccess.csproj", "{9F32C965-64F3-4400-A40D-5AA66ADF290B}"
EndProject
Project("{9A19103F-16F7-4668-BE54-9A1E7A4F7556}") = "MTFramework.Business", "MTFramework.Business\MTFramework.Business.csproj", "{07268874-2E1E-4405-9527-295054770186}"
EndProject
Project("{9A19103F-16F7-4668-BE54-9A1E7A4F7556}") = "MTFramework.Core", "MTFramework.Core\MTFramework.Core.csproj", "{7ADBFFE3-19E5-41AD-B35A-DAC7AF98B522}"
EndProject
Project("{FAE04EC0-301F-11D3-BF4B-00C04F79EFBC}") = "MTFramework.WebAPI", "MTFramework.WebAPI\MTFramework.WebAPI.csproj", "{971C660B-025A-4BAE-823C-105A7B3B9112}"
EndProject
Global
	GlobalSection(SolutionConfigurationPlatforms) = preSolution
		Debug|Any CPU = Debug|Any CPU
		Release|Any CPU = Release|Any CPU
	EndGlobalSection
	GlobalSection(ProjectConfigurationPlatforms) = postSolution
		{7738293F-40EE-4C11-AC98-4D7CD75AC061}.Debug|Any CPU.ActiveCfg = Debug|Any CPU
		{7738293F-40EE-4C11-AC98-4D7CD75AC061}.Debug|Any CPU.Build.0 = Debug|Any CPU
		{7738293F-40EE-4C11-AC98-4D7CD75AC061}.Release|Any CPU.ActiveCfg = Release|Any CPU
		{7738293F-40EE-4C11-AC98-4D7CD75AC061}.Release|Any CPU.Build.0 = Release|Any CPU
		{9F32C965-64F3-4400-A40D-5AA66ADF290B}.Debug|Any CPU.ActiveCfg = Debug|Any CPU
		{9F32C965-64F3-4400-A40D-5AA66ADF290B}.Debug|Any CPU.Build.0 = Debug|Any CPU
		{9F32C965-64F3-4400-A40D-5AA66ADF290B}.Release|Any CPU.ActiveCfg = Release|Any CPU
		{9F32C965-64F3-4400-A40D-5AA66ADF290B}.Release|Any CPU.Build.0 = Release|Any CPU
		{07268874-2E1E-4405-9527-295054770186}.Debug|Any CPU.ActiveCfg = Debug|Any CPU
		{07268874-2E1E-4405-9527-295054770186}.Debug|Any CPU.Build.0 = Debug|Any CPU
		{07268874-2E1E-4405-9527-295054770186}.Release|Any CPU.ActiveCfg = Release|Any CPU
		{07268874-2E1E-4405-9527-295054770186}.Release|Any CPU.Build.0 = Release|Any CPU
		{7ADBFFE3-19E5-41AD-B35A-DAC7AF98B522}.Debug|Any CPU.ActiveCfg = Debug|Any CPU
		{7ADBFFE3-19E5-41AD-B35A-DAC7AF98B522}.Debug|Any CPU.Build.0 = Debug|Any CPU
		{7ADBFFE3-19E5-41AD-B35A-DAC7AF98B522}.Release|Any CPU.ActiveCfg = Release|Any CPU
		{7ADBFFE3-19E5-41AD-B35A-DAC7AF98B522}.Release|Any CPU.Build.0 = Release|Any CPU
		{971C660B-025A-4BAE-823C-105A7B3B9112}.Debug|Any CPU.ActiveCfg = Debug|Any CPU
		{971C660B-025A-4BAE-823C-105A7B3B9112}.Debug|Any CPU.Build.0 = Debug|Any CPU
		{971C660B-025A-4BAE-823C-105A7B3B9112}.Release|Any CPU.ActiveCfg = Release|Any CPU
		{971C660B-025A-4BAE-823C-105A7B3B9112}.Release|Any CPU.Build.0 = Release|Any CPU
	EndGlobalSection
	GlobalSection(SolutionProperties) = preSolution
		HideSolutionNode = FALSE
	EndGlobalSection
	GlobalSection(ExtensibilityGlobals) = postSolution
		SolutionGuid = {29305608-1DAB-464C-9A83-C9FF123D1D97}
	EndGlobalSection
EndGlobal
